
Microsoft Visual Studio Solution File, Format Version 12.00
# Visual Studio Version 17
VisualStudioVersion = 17.9.34728.123
MinimumVisualStudioVersion = 10.0.40219.1
Project("{FAE04EC0-301F-11D3-BF4B-00C04F79EFBC}") = "MVVM", "MVVM.csproj", "{70B3CA2F-0B37-4DA7-83E4-127EF2D8CB96}"
EndProject
Global
	GlobalSection(SolutionConfigurationPlatforms) = preSolution
		Debug|Any CPU = Debug|Any CPU
		Release|Any CPU = Release|Any CPU
	EndGlobalSection
	GlobalSection(ProjectConfigurationPlatforms) = postSolution
		{70B3CA2F-0B37-4DA7-83E4-127EF2D8CB96}.Debug|Any CPU.ActiveCfg = Debug|Any CPU
		{70B3CA2F-0B37-4DA7-83E4-127EF2D8CB96}.Debug|Any CPU.Build.0 = Debug|Any CPU
		{70B3CA2F-0B37-4DA7-83E4-127EF2D8CB96}.Release|Any CPU.ActiveCfg = Release|Any CPU
		{70B3CA2F-0B37-4DA7-83E4-127EF2D8CB96}.Release|Any CPU.Build.0 = Release|Any CPU
	EndGlobalSection
	GlobalSection(SolutionProperties) = preSolution
		HideSolutionNode = FALSE
	EndGlobalSection
	GlobalSection(ExtensibilityGlobals) = postSolution
		SolutionGuid = {DF41E8A7-678A-4076-921B-3BC39D2BC48A}
	EndGlobalSection
EndGlobal
